
Microsoft Visual Studio Solution File, Format Version 12.00
# Visual Studio 15
VisualStudioVersion = 15.0.28010.2041
MinimumVisualStudioVersion = 10.0.40219.1
Project("{8BC9CEB8-8B4A-11D0-8D11-00A0C91BC942}") = "Polynomial_Objects", "Polynomial_Objects\Polynomial_Objects.vcxproj", "{79AB2331-BA4E-4F77-8CB2-6227E6A2A456}"
EndProject
Global
	GlobalSection(SolutionConfigurationPlatforms) = preSolution
		Debug|x64 = Debug|x64
		Debug|x86 = Debug|x86
		Release|x64 = Release|x64
		Release|x86 = Release|x86
	EndGlobalSection
	GlobalSection(ProjectConfigurationPlatforms) = postSolution
		{79AB2331-BA4E-4F77-8CB2-6227E6A2A456}.Debug|x64.ActiveCfg = Debug|x64
		{79AB2331-BA4E-4F77-8CB2-6227E6A2A456}.Debug|x64.Build.0 = Debug|x64
		{79AB2331-BA4E-4F77-8CB2-6227E6A2A456}.Debug|x86.ActiveCfg = Debug|Win32
		{79AB2331-BA4E-4F77-8CB2-6227E6A2A456}.Debug|x86.Build.0 = Debug|Win32
		{79AB2331-BA4E-4F77-8CB2-6227E6A2A456}.Release|x64.ActiveCfg = Release|x64
		{79AB2331-BA4E-4F77-8CB2-6227E6A2A456}.Release|x64.Build.0 = Release|x64
		{79AB2331-BA4E-4F77-8CB2-6227E6A2A456}.Release|x86.ActiveCfg = Release|Win32
		{79AB2331-BA4E-4F77-8CB2-6227E6A2A456}.Release|x86.Build.0 = Release|Win32
	EndGlobalSection
	GlobalSection(SolutionProperties) = preSolution
		HideSolutionNode = FALSE
	EndGlobalSection
	GlobalSection(ExtensibilityGlobals) = postSolution
		SolutionGuid = {82D893D9-6740-498A-9238-D8D1D5CAE638}
	EndGlobalSection
EndGlobal
